// !$*UTF8*$!
{
	archiveVersion = 1;
	classes = {
	};
	objectVersion = 50;
	objects = {

/* Begin PBXBuildFile section */
		3F46830221AFBF2A005AAFE4 /* AppDelegate.swift in Sources */ = {isa = PBXBuildFile; fileRef = 3F46830121AFBF2A005AAFE4 /* AppDelegate.swift */; };
		3F46830421AFBF2A005AAFE4 /* ViewController.swift in Sources */ = {isa = PBXBuildFile; fileRef = 3F46830321AFBF2A005AAFE4 /* ViewController.swift */; };
		3F46830721AFBF2A005AAFE4 /* Main.storyboard in Resources */ = {isa = PBXBuildFile; fileRef = 3F46830521AFBF2A005AAFE4 /* Main.storyboard */; };
		3F46830A21AFBF2A005AAFE4 /* _____.xcdatamodeld in Sources */ = {isa = PBXBuildFile; fileRef = 3F46830821AFBF2A005AAFE4 /* _____.xcdatamodeld */; };
		3F46830C21AFBF2B005AAFE4 /* Assets.xcassets in Resources */ = {isa = PBXBuildFile; fileRef = 3F46830B21AFBF2B005AAFE4 /* Assets.xcassets */; };
		3F46830F21AFBF2B005AAFE4 /* LaunchScreen.storyboard in Resources */ = {isa = PBXBuildFile; fileRef = 3F46830D21AFBF2B005AAFE4 /* LaunchScreen.storyboard */; };
		3FC3A35021AFD96A004B21E4 /* Concentration.swift in Sources */ = {isa = PBXBuildFile; fileRef = 3FC3A34F21AFD96A004B21E4 /* Concentration.swift */; };
		3FC3A35221AFDA21004B21E4 /* Card.swift in Sources */ = {isa = PBXBuildFile; fileRef = 3FC3A35121AFDA21004B21E4 /* Card.swift */; };
/* End PBXBuildFile section */

/* Begin PBXContainerItemProxy section */
		3F46831621AFBF2B005AAFE4 /* PBXContainerItemProxy */ = {
			isa = PBXContainerItemProxy;
			containerPortal = 3F4682F621AFBF2A005AAFE4 /* Project object */;
			proxyType = 1;
			remoteGlobalIDString = 3F4682FD21AFBF2A005AAFE4;
			remoteInfo = "第七次作业";
		};
		3F46832121AFBF2B005AAFE4 /* PBXContainerItemProxy */ = {
			isa = PBXContainerItemProxy;
			containerPortal = 3F4682F621AFBF2A005AAFE4 /* Project object */;
			proxyType = 1;
			remoteGlobalIDString = 3F4682FD21AFBF2A005AAFE4;
			remoteInfo = "第七次作业";
		};
/* End PBXContainerItemProxy section */

/* Begin PBXFileReference section */
		3F4682FE21AFBF2A005AAFE4 /* 第七次作业.app */ = {isa = PBXFileReference; explicitFileType = wrapper.application; includeInIndex = 0; path = "第七次作业.app"; sourceTree = BUILT_PRODUCTS_DIR; };
		3F46830121AFBF2A005AAFE4 /* AppDelegate.swift */ = {isa = PBXFileReference; lastKnownFileType = sourcecode.swift; path = AppDelegate.swift; sourceTree = "<group>"; };
		3F46830321AFBF2A005AAFE4 /* ViewController.swift */ = {isa = PBXFileReference; lastKnownFileType = sourcecode.swift; path = ViewController.swift; sourceTree = "<group>"; };
		3F46830621AFBF2A005AAFE4 /* Base */ = {isa = PBXFileReference; lastKnownFileType = file.storyboard; name = Base; path = Base.lproj/Main.storyboard; sourceTree = "<group>"; };
		3F46830921AFBF2A005AAFE4 /* _____.xcdatamodel */ = {isa = PBXFileReference; lastKnownFileType = wrapper.xcdatamodel; path = "_____.xcdatamodel"; sourceTree = "<group>"; };
		3F46830B21AFBF2B005AAFE4 /* Assets.xcassets */ = {isa = PBXFileReference; lastKnownFileType = folder.assetcatalog; path = Assets.xcassets; sourceTree = "<group>"; };
		3F46830E21AFBF2B005AAFE4 /* Base */ = {isa = PBXFileReference; lastKnownFileType = file.storyboard; name = Base; path = Base.lproj/LaunchScreen.storyboard; sourceTree = "<group>"; };
		3F46831021AFBF2B005AAFE4 /* Info.plist */ = {isa = PBXFileReference; lastKnownFileType = text.plist.xml; path = Info.plist; sourceTree = "<group>"; };
		3F46831521AFBF2B005AAFE4 /* 第七次作业Tests.xctest */ = {isa = PBXFileReference; explicitFileType = wrapper.cfbundle; includeInIndex = 0; path = "第七次作业Tests.xctest"; sourceTree = BUILT_PRODUCTS_DIR; };
		3F46832021AFBF2B005AAFE4 /* 第七次作业UITests.xctest */ = {isa = PBXFileReference; explicitFileType = wrapper.cfbundle; includeInIndex = 0; path = "第七次作业UITests.xctest"; sourceTree = BUILT_PRODUCTS_DIR; };
		3FC3A34F21AFD96A004B21E4 /* Concentration.swift */ = {isa = PBXFileReference; lastKnownFileType = sourcecode.swift; path = Concentration.swift; sourceTree = "<group>"; };
		3FC3A35121AFDA21004B21E4 /* Card.swift */ = {isa = PBXFileReference; lastKnownFileType = sourcecode.swift; path = Card.swift; sourceTree = "<group>"; };
/* End PBXFileReference section */

/* Begin PBXFrameworksBuildPhase section */
		3F4682FB21AFBF2A005AAFE4 /* Frameworks */ = {
			isa = PBXFrameworksBuildPhase;
			buildActionMask = 2147483647;
			files = (
			);
			runOnlyForDeploymentPostprocessing = 0;
		};
		3F46831221AFBF2B005AAFE4 /* Frameworks */ = {
			isa = PBXFrameworksBuildPhase;
			buildActionMask = 2147483647;
			files = (
			);
			runOnlyForDeploymentPostprocessing = 0;
		};
		3F46831D21AFBF2B005AAFE4 /* Frameworks */ = {
			isa = PBXFrameworksBuildPhase;
			buildActionMask = 2147483647;
			files = (
			);
			runOnlyForDeploymentPostprocessing = 0;
		};
/* End PBXFrameworksBuildPhase section */

/* Begin PBXGroup section */
		3F4682F521AFBF2A005AAFE4 = {
			isa = PBXGroup;
			children = (
				3F46830021AFBF2A005AAFE4 /* 第七次作业 */,
				3F4682FF21AFBF2A005AAFE4 /* Products */,
			);
			sourceTree = "<group>";
		};
		3F4682FF21AFBF2A005AAFE4 /* Products */ = {
			isa = PBXGroup;
			children = (
				3F4682FE21AFBF2A005AAFE4 /* 第七次作业.app */,
				3F46831521AFBF2B005AAFE4 /* 第七次作业Tests.xctest */,
				3F46832021AFBF2B005AAFE4 /* 第七次作业UITests.xctest */,
			);
			name = Products;
			sourceTree = "<group>";
		};
		3F46830021AFBF2A005AAFE4 /* 第七次作业 */ = {
			isa = PBXGroup;
			children = (
				3F46830121AFBF2A005AAFE4 /* AppDelegate.swift */,
				3F46830321AFBF2A005AAFE4 /* ViewController.swift */,
				3F46830521AFBF2A005AAFE4 /* Main.storyboard */,
				3F46830B21AFBF2B005AAFE4 /* Assets.xcassets */,
				3F46830D21AFBF2B005AAFE4 /* LaunchScreen.storyboard */,
				3F46831021AFBF2B005AAFE4 /* Info.plist */,
				3F46830821AFBF2A005AAFE4 /* _____.xcdatamodeld */,
				3FC3A34F21AFD96A004B21E4 /* Concentration.swift */,
				3FC3A35121AFDA21004B21E4 /* Card.swift */,
			);
			path = "第七次作业";
			sourceTree = "<group>";
		};
/* End PBXGroup section */

/* Begin PBXNativeTarget section */
		3F4682FD21AFBF2A005AAFE4 /* 第七次作业 */ = {
			isa = PBXNativeTarget;
			buildConfigurationList = 3F46832921AFBF2B005AAFE4 /* Build configuration list for PBXNativeTarget "第七次作业" */;
			buildPhases = (
				3F4682FA21AFBF2A005AAFE4 /* Sources */,
				3F4682FB21AFBF2A005AAFE4 /* Frameworks */,
				3F4682FC21AFBF2A005AAFE4 /* Resources */,
			);
			buildRules = (
			);
			dependencies = (
			);
			name = "第七次作业";
			productName = "第七次作业";
			productReference = 3F4682FE21AFBF2A005AAFE4 /* 第七次作业.app */;
			productType = "com.apple.product-type.application";
		};
		3F46831421AFBF2B005AAFE4 /* 第七次作业Tests */ = {
			isa = PBXNativeTarget;
			buildConfigurationList = 3F46832C21AFBF2B005AAFE4 /* Build configuration list for PBXNativeTarget "第七次作业Tests" */;
			buildPhases = (
				3F46831121AFBF2B005AAFE4 /* Sources */,
				3F46831221AFBF2B005AAFE4 /* Frameworks */,
				3F46831321AFBF2B005AAFE4 /* Resources */,
			);
			buildRules = (
			);
			dependencies = (
				3F46831721AFBF2B005AAFE4 /* PBXTargetDependency */,
			);
			name = "第七次作业Tests";
			productName = "第七次作业Tests";
			productReference = 3F46831521AFBF2B005AAFE4 /* 第七次作业Tests.xctest */;
			productType = "com.apple.product-type.bundle.unit-test";
		};
		3F46831F21AFBF2B005AAFE4 /* 第七次作业UITests */ = {
			isa = PBXNativeTarget;
			buildConfigurationList = 3F46832F21AFBF2B005AAFE4 /* Build configuration list for PBXNativeTarget "第七次作业UITests" */;
			buildPhases = (
				3F46831C21AFBF2B005AAFE4 /* Sources */,
				3F46831D21AFBF2B005AAFE4 /* Frameworks */,
				3F46831E21AFBF2B005AAFE4 /* Resources */,
			);
			buildRules = (
			);
			dependencies = (
				3F46832221AFBF2B005AAFE4 /* PBXTargetDependency */,
			);
			name = "第七次作业UITests";
			productName = "第七次作业UITests";
			productReference = 3F46832021AFBF2B005AAFE4 /* 第七次作业UITests.xctest */;
			productType = "com.apple.product-type.bundle.ui-testing";
		};
/* End PBXNativeTarget section */

/* Begin PBXProject section */
		3F4682F621AFBF2A005AAFE4 /* Project object */ = {
			isa = PBXProject;
			attributes = {
				LastSwiftUpdateCheck = 1000;
				LastUpgradeCheck = 1000;
				ORGANIZATIONNAME = 2016110452;
				TargetAttributes = {
					3F4682FD21AFBF2A005AAFE4 = {
						CreatedOnToolsVersion = 10.0;
					};
					3F46831421AFBF2B005AAFE4 = {
						CreatedOnToolsVersion = 10.0;
						TestTargetID = 3F4682FD21AFBF2A005AAFE4;
					};
					3F46831F21AFBF2B005AAFE4 = {
						CreatedOnToolsVersion = 10.0;
						TestTargetID = 3F4682FD21AFBF2A005AAFE4;
					};
				};
			};
			buildConfigurationList = 3F4682F921AFBF2A005AAFE4 /* Build configuration list for PBXProject "第七次作业" */;
			compatibilityVersion = "Xcode 9.3";
			developmentRegion = en;
			hasScannedForEncodings = 0;
			knownRegions = (
				en,
				Base,
			);
			mainGroup = 3F4682F521AFBF2A005AAFE4;
			productRefGroup = 3F4682FF21AFBF2A005AAFE4 /* Products */;
			projectDirPath = "";
			projectRoot = "";
			targets = (
				3F4682FD21AFBF2A005AAFE4 /* 第七次作业 */,
				3F46831421AFBF2B005AAFE4 /* 第七次作业Tests */,
				3F46831F21AFBF2B005AAFE4 /* 第七次作业UITests */,
			);
		};
/* End PBXProject section */

/* Begin PBXResourcesBuildPhase section */
		3F4682FC21AFBF2A005AAFE4 /* Resources */ = {
			isa = PBXResourcesBuildPhase;
			buildActionMask = 2147483647;
			files = (
				3F46830F21AFBF2B005AAFE4 /* LaunchScreen.storyboard in Resources */,
				3F46830C21AFBF2B005AAFE4 /* Assets.xcassets in Resources */,
				3F46830721AFBF2A005AAFE4 /* Main.storyboard in Resources */,
			);
			runOnlyForDeploymentPostprocessing = 0;
		};
		3F46831321AFBF2B005AAFE4 /* Resources */ = {
			isa = PBXResourcesBuildPhase;
			buildActionMask = 2147483647;
			files = (
			);
			runOnlyForDeploymentPostprocessing = 0;
		};
		3F46831E21AFBF2B005AAFE4 /* Resources */ = {
			isa = PBXResourcesBuildPhase;
			buildActionMask = 2147483647;
			files = (
			);
			runOnlyForDeploymentPostprocessing = 0;
		};
/* End PBXResourcesBuildPhase section */

/* Begin PBXSourcesBuildPhase section */
		3F4682FA21AFBF2A005AAFE4 /* Sources */ = {
			isa = PBXSourcesBuildPhase;
			buildActionMask = 2147483647;
			files = (
				3F46830421AFBF2A005AAFE4 /* ViewController.swift in Sources */,
				3FC3A35021AFD96A004B21E4 /* Concentration.swift in Sources */,
				3FC3A35221AFDA21004B21E4 /* Card.swift in Sources */,
				3F46830A21AFBF2A005AAFE4 /* _____.xcdatamodeld in Sources */,
				3F46830221AFBF2A005AAFE4 /* AppDelegate.swift in Sources */,
			);
			runOnlyForDeploymentPostprocessing = 0;
		};
		3F46831121AFBF2B005AAFE4 /* Sources */ = {
			isa = PBXSourcesBuildPhase;
			buildActionMask = 2147483647;
			files = (
			);
			runOnlyForDeploymentPostprocessing = 0;
		};
		3F46831C21AFBF2B005AAFE4 /* Sources */ = {
			isa = PBXSourcesBuildPhase;
			buildActionMask = 2147483647;
			files = (
			);
			runOnlyForDeploymentPostprocessing = 0;
		};
/* End PBXSourcesBuildPhase section */

/* Begin PBXTargetDependency section */
		3F46831721AFBF2B005AAFE4 /* PBXTargetDependency */ = {
			isa = PBXTargetDependency;
			target = 3F4682FD21AFBF2A005AAFE4 /* 第七次作业 */;
			targetProxy = 3F46831621AFBF2B005AAFE4 /* PBXContainerItemProxy */;
		};
		3F46832221AFBF2B005AAFE4 /* PBXTargetDependency */ = {
			isa = PBXTargetDependency;
			target = 3F4682FD21AFBF2A005AAFE4 /* 第七次作业 */;
			targetProxy = 3F46832121AFBF2B005AAFE4 /* PBXContainerItemProxy */;
		};
/* End PBXTargetDependency section */

/* Begin PBXVariantGroup section */
		3F46830521AFBF2A005AAFE4 /* Main.storyboard */ = {
			isa = PBXVariantGroup;
			children = (
				3F46830621AFBF2A005AAFE4 /* Base */,
			);
			name = Main.storyboard;
			sourceTree = "<group>";
		};
		3F46830D21AFBF2B005AAFE4 /* LaunchScreen.storyboard */ = {
			isa = PBXVariantGroup;
			children = (
				3F46830E21AFBF2B005AAFE4 /* Base */,
			);
			name = LaunchScreen.storyboard;
			sourceTree = "<group>";
		};
/* End PBXVariantGroup section */

/* Begin XCBuildConfiguration section */
		3F46832721AFBF2B005AAFE4 /* Debug */ = {
			isa = XCBuildConfiguration;
			buildSettings = {
				ALWAYS_SEARCH_USER_PATHS = NO;
				CLANG_ANALYZER_NONNULL = YES;
				CLANG_ANALYZER_NUMBER_OBJECT_CONVERSION = YES_AGGRESSIVE;
				CLANG_CXX_LANGUAGE_STANDARD = "gnu++14";
				CLANG_CXX_LIBRARY = "libc++";
				CLANG_ENABLE_MODULES = YES;
				CLANG_ENABLE_OBJC_ARC = YES;
				CLANG_ENABLE_OBJC_WEAK = YES;
				CLANG_WARN_BLOCK_CAPTURE_AUTORELEASING = YES;
				CLANG_WARN_BOOL_CONVERSION = YES;
				CLANG_WARN_COMMA = YES;
				CLANG_WARN_CONSTANT_CONVERSION = YES;
				CLANG_WARN_DEPRECATED_OBJC_IMPLEMENTATIONS = YES;
				CLANG_WARN_DIRECT_OBJC_ISA_USAGE = YES_ERROR;
				CLANG_WARN_DOCUMENTATION_COMMENTS = YES;
				CLANG_WARN_EMPTY_BODY = YES;
				CLANG_WARN_ENUM_CONVERSION = YES;
				CLANG_WARN_INFINITE_RECURSION = YES;
				CLANG_WARN_INT_CONVERSION = YES;
				CLANG_WARN_NON_LITERAL_NULL_CONVERSION = YES;
				CLANG_WARN_OBJC_IMPLICIT_RETAIN_SELF = YES;
				CLANG_WARN_OBJC_LITERAL_CONVERSION = YES;
				CLANG_WARN_OBJC_ROOT_CLASS = YES_ERROR;
				CLANG_WARN_RANGE_LOOP_ANALYSIS = YES;
				CLANG_WARN_STRICT_PROTOTYPES = YES;
				CLANG_WARN_SUSPICIOUS_MOVE = YES;
				CLANG_WARN_UNGUARDED_AVAILABILITY = YES_AGGRESSIVE;
				CLANG_WARN_UNREACHABLE_CODE = YES;
				CLANG_WARN__DUPLICATE_METHOD_MATCH = YES;
				CODE_SIGN_IDENTITY = "iPhone Developer";
				COPY_PHASE_STRIP = NO;
				DEBUG_INFORMATION_FORMAT = dwarf;
				ENABLE_STRICT_OBJC_MSGSEND = YES;
				ENABLE_TESTABILITY = YES;
				GCC_C_LANGUAGE_STANDARD = gnu11;
				GCC_DYNAMIC_NO_PIC = NO;
				GCC_NO_COMMON_BLOCKS = YES;
				GCC_OPTIMIZATION_LEVEL = 0;
				GCC_PREPROCESSOR_DEFINITIONS = (
					"DEBUG=1",
					"$(inherited)",
				);
				GCC_WARN_64_TO_32_BIT_CONVERSION = YES;
				GCC_WARN_ABOUT_RETURN_TYPE = YES_ERROR;
				GCC_WARN_UNDECLARED_SELECTOR = YES;
				GCC_WARN_UNINITIALIZED_AUTOS = YES_AGGRESSIVE;
				GCC_WARN_UNUSED_FUNCTION = YES;
				GCC_WARN_UNUSED_VARIABLE = YES;
				IPHONEOS_DEPLOYMENT_TARGET = 12.0;
				MTL_ENABLE_DEBUG_INFO = INCLUDE_SOURCE;
				MTL_FAST_MATH = YES;
				ONLY_ACTIVE_ARCH = YES;
				SDKROOT = iphoneos;
				SWIFT_ACTIVE_COMPILATION_CONDITIONS = DEBUG;
				SWIFT_OPTIMIZATION_LEVEL = "-Onone";
			};
			name = Debug;
		};
		3F46832821AFBF2B005AAFE4 /* Release */ = {
			isa = XCBuildConfiguration;
			buildSettings = {
				ALWAYS_SEARCH_USER_PATHS = NO;
				CLANG_ANALYZER_NONNULL = YES;
				CLANG_ANALYZER_NUMBER_OBJECT_CONVERSION = YES_AGGRESSIVE;
				CLANG_CXX_LANGUAGE_STANDARD = "gnu++14";
				CLANG_CXX_LIBRARY = "libc++";
				CLANG_ENABLE_MODULES = YES;
				CLANG_ENABLE_OBJC_ARC = YES;
				CLANG_ENABLE_OBJC_WEAK = YES;
				CLANG_WARN_BLOCK_CAPTURE_AUTORELEASING = YES;
				CLANG_WARN_BOOL_CONVERSION = YES;
				CLANG_WARN_COMMA = YES;
				CLANG_WARN_CONSTANT_CONVERSION = YES;
				CLANG_WARN_DEPRECATED_OBJC_IMPLEMENTATIONS = YES;
				CLANG_WARN_DIRECT_OBJC_ISA_USAGE = YES_ERROR;
				CLANG_WARN_DOCUMENTATION_COMMENTS = YES;
				CLANG_WARN_EMPTY_BODY = YES;
				CLANG_WARN_ENUM_CONVERSION = YES;
				CLANG_WARN_INFINITE_RECURSION = YES;
				CLANG_WARN_INT_CONVERSION = YES;
				CLANG_WARN_NON_LITERAL_NULL_CONVERSION = YES;
				CLANG_WARN_OBJC_IMPLICIT_RETAIN_SELF = YES;
				CLANG_WARN_OBJC_LITERAL_CONVERSION = YES;
				CLANG_WARN_OBJC_ROOT_CLASS = YES_ERROR;
				CLANG_WARN_RANGE_LOOP_ANALYSIS = YES;
				CLANG_WARN_STRICT_PROTOTYPES = YES;
				CLANG_WARN_SUSPICIOUS_MOVE = YES;
				CLANG_WARN_UNGUARDED_AVAILABILITY = YES_AGGRESSIVE;
				CLANG_WARN_UNREACHABLE_CODE = YES;
				CLANG_WARN__DUPLICATE_METHOD_MATCH = YES;
				CODE_SIGN_IDENTITY = "iPhone Developer";
				COPY_PHASE_STRIP = NO;
				DEBUG_INFORMATION_FORMAT = "dwarf-with-dsym";
				ENABLE_NS_ASSERTIONS = NO;
				ENABLE_STRICT_OBJC_MSGSEND = YES;
				GCC_C_LANGUAGE_STANDARD = gnu11;
				GCC_NO_COMMON_BLOCKS = YES;
				GCC_WARN_64_TO_32_BIT_CONVERSION = YES;
				GCC_WARN_ABOUT_RETURN_TYPE = YES_ERROR;
				GCC_WARN_UNDECLARED_SELECTOR = YES;
				GCC_WARN_UNINITIALIZED_AUTOS = YES_AGGRESSIVE;
				GCC_WARN_UNUSED_FUNCTION = YES;
				GCC_WARN_UNUSED_VARIABLE = YES;
				IPHONEOS_DEPLOYMENT_TARGET = 12.0;
				MTL_ENABLE_DEBUG_INFO = NO;
				MTL_FAST_MATH = YES;
				SDKROOT = iphoneos;
				SWIFT_COMPILATION_MODE = wholemodule;
				SWIFT_OPTIMIZATION_LEVEL = "-O";
				VALIDATE_PRODUCT = YES;
			};
			name = Release;
		};
		3F46832A21AFBF2B005AAFE4 /* Debug */ = {
			isa = XCBuildConfiguration;
			buildSettings = {
				ASSETCATALOG_COMPILER_APPICON_NAME = AppIcon;
				CODE_SIGN_STYLE = Automatic;
				INFOPLIST_FILE = "第七次作业/Info.plist";
				LD_RUNPATH_SEARCH_PATHS = (
					"$(inherited)",
					"@executable_path/Frameworks",
				);
				PRODUCT_BUNDLE_IDENTIFIER = "zw.-----";
				PRODUCT_NAME = "$(TARGET_NAME)";
				SWIFT_VERSION = 4.2;
				TARGETED_DEVICE_FAMILY = "1,2";
			};
			name = Debug;
		};
		3F46832B21AFBF2B005AAFE4 /* Release */ = {
			isa = XCBuildConfiguration;
			buildSettings = {
				ASSETCATALOG_COMPILER_APPICON_NAME = AppIcon;
				CODE_SIGN_STYLE = Automatic;
				INFOPLIST_FILE = "第七次作业/Info.plist";
				LD_RUNPATH_SEARCH_PATHS = (
					"$(inherited)",
					"@executable_path/Frameworks",
				);
				PRODUCT_BUNDLE_IDENTIFIER = "zw.-----";
				PRODUCT_NAME = "$(TARGET_NAME)";
				SWIFT_VERSION = 4.2;
				TARGETED_DEVICE_FAMILY = "1,2";
			};
			name = Release;
		};
		3F46832D21AFBF2B005AAFE4 /* Debug */ = {
			isa = XCBuildConfiguration;
			buildSettings = {
				ALWAYS_EMBED_SWIFT_STANDARD_LIBRARIES = YES;
				BUNDLE_LOADER = "$(TEST_HOST)";
				CODE_SIGN_STYLE = Automatic;
				INFOPLIST_FILE = "第七次作业Tests/Info.plist";
				LD_RUNPATH_SEARCH_PATHS = (
					"$(inherited)",
					"@executable_path/Frameworks",
					"@loader_path/Frameworks",
				);
				PRODUCT_BUNDLE_IDENTIFIER = "zw.-----Tests";
				PRODUCT_NAME = "$(TARGET_NAME)";
				SWIFT_VERSION = 4.2;
				TARGETED_DEVICE_FAMILY = "1,2";
				TEST_HOST = "$(BUILT_PRODUCTS_DIR)/第七次作业.app/第七次作业";
			};
			name = Debug;
		};
		3F46832E21AFBF2B005AAFE4 /* Release */ = {
			isa = XCBuildConfiguration;
			buildSettings = {
				ALWAYS_EMBED_SWIFT_STANDARD_LIBRARIES = YES;
				BUNDLE_LOADER = "$(TEST_HOST)";
				CODE_SIGN_STYLE = Automatic;
				INFOPLIST_FILE = "第七次作业Tests/Info.plist";
				LD_RUNPATH_SEARCH_PATHS = (
					"$(inherited)",
					"@executable_path/Frameworks",
					"@loader_path/Frameworks",
				);
				PRODUCT_BUNDLE_IDENTIFIER = "zw.-----Tests";
				PRODUCT_NAME = "$(TARGET_NAME)";
				SWIFT_VERSION = 4.2;
				TARGETED_DEVICE_FAMILY = "1,2";
				TEST_HOST = "$(BUILT_PRODUCTS_DIR)/第七次作业.app/第七次作业";
			};
			name = Release;
		};
		3F46833021AFBF2B005AAFE4 /* Debug */ = {
			isa = XCBuildConfiguration;
			buildSettings = {
				ALWAYS_EMBED_SWIFT_STANDARD_LIBRARIES = YES;
				CODE_SIGN_STYLE = Automatic;
				INFOPLIST_FILE = "第七次作业UITests/Info.plist";
				LD_RUNPATH_SEARCH_PATHS = (
					"$(inherited)",
					"@executable_path/Frameworks",
					"@loader_path/Frameworks",
				);
				PRODUCT_BUNDLE_IDENTIFIER = "zw.-----UITests";
				PRODUCT_NAME = "$(TARGET_NAME)";
				SWIFT_VERSION = 4.2;
				TARGETED_DEVICE_FAMILY = "1,2";
				TEST_TARGET_NAME = "第七次作业";
			};
			name = Debug;
		};
		3F46833121AFBF2B005AAFE4 /* Release */ = {
			isa = XCBuildConfiguration;
			buildSettings = {
				ALWAYS_EMBED_SWIFT_STANDARD_LIBRARIES = YES;
				CODE_SIGN_STYLE = Automatic;
				INFOPLIST_FILE = "第七次作业UITests/Info.plist";
				LD_RUNPATH_SEARCH_PATHS = (
					"$(inherited)",
					"@executable_path/Frameworks",
					"@loader_path/Frameworks",
				);
				PRODUCT_BUNDLE_IDENTIFIER = "zw.-----UITests";
				PRODUCT_NAME = "$(TARGET_NAME)";
				SWIFT_VERSION = 4.2;
				TARGETED_DEVICE_FAMILY = "1,2";
				TEST_TARGET_NAME = "第七次作业";
			};
			name = Release;
		};
/* End XCBuildConfiguration section */

/* Begin XCConfigurationList section */
		3F4682F921AFBF2A005AAFE4 /* Build configuration list for PBXProject "第七次作业" */ = {
			isa = XCConfigurationList;
			buildConfigurations = (
				3F46832721AFBF2B005AAFE4 /* Debug */,
				3F46832821AFBF2B005AAFE4 /* Release */,
			);
			defaultConfigurationIsVisible = 0;
			defaultConfigurationName = Release;
		};
		3F46832921AFBF2B005AAFE4 /* Build configuration list for PBXNativeTarget "第七次作业" */ = {
			isa = XCConfigurationList;
			buildConfigurations = (
				3F46832A21AFBF2B005AAFE4 /* Debug */,
				3F46832B21AFBF2B005AAFE4 /* Release */,
			);
			defaultConfigurationIsVisible = 0;
			defaultConfigurationName = Release;
		};
		3F46832C21AFBF2B005AAFE4 /* Build configuration list for PBXNativeTarget "第七次作业Tests" */ = {
			isa = XCConfigurationList;
			buildConfigurations = (
				3F46832D21AFBF2B005AAFE4 /* Debug */,
				3F46832E21AFBF2B005AAFE4 /* Release */,
			);
			defaultConfigurationIsVisible = 0;
			defaultConfigurationName = Release;
		};
		3F46832F21AFBF2B005AAFE4 /* Build configuration list for PBXNativeTarget "第七次作业UITests" */ = {
			isa = XCConfigurationList;
			buildConfigurations = (
				3F46833021AFBF2B005AAFE4 /* Debug */,
				3F46833121AFBF2B005AAFE4 /* Release */,
			);
			defaultConfigurationIsVisible = 0;
			defaultConfigurationName = Release;
		};
/* End XCConfigurationList section */

/* Begin XCVersionGroup section */
		3F46830821AFBF2A005AAFE4 /* _____.xcdatamodeld */ = {
			isa = XCVersionGroup;
			children = (
				3F46830921AFBF2A005AAFE4 /* _____.xcdatamodel */,
			);
			currentVersion = 3F46830921AFBF2A005AAFE4 /* _____.xcdatamodel */;
			path = "_____.xcdatamodeld";
			sourceTree = "<group>";
			versionGroupType = wrapper.xcdatamodel;
		};
/* End XCVersionGroup section */
	};
	rootObject = 3F4682F621AFBF2A005AAFE4 /* Project object */;
}
